PODS:
  - KeychainSwift (19.0.0)
  - R.swift (5.1.0):
    - R.swift.Library (~> 5.1.0)
  - R.swift.Library (5.1.0)
  - SwiftLint (0.39.1)
  - SwiftyBeaver (1.8.4)

DEPENDENCIES:
  - KeychainSwift (~> 19.0)
  - R.swift
  - SwiftLint
  - SwiftyBeaver

SPEC REPOS:
  trunk:
    - KeychainSwift
    - R.swift
    - R.swift.Library
    - SwiftLint
    - SwiftyBeaver

SPEC CHECKSUMS:
  KeychainSwift: a06190cf933ad46b1e0abc3d77d29c06331715c7
  R.swift: 8cbc4fc69b740305b6a17c8a8ed968eb788962d9
  R.swift.Library: fa85ce1e0d0b7e818cd9e080df910ba54d2776cc
  SwiftLint: 55e96a4a4d537d4a3156859fc1c54bd24851a046
  SwiftyBeaver: f9a9aba96a6a6166e21682377804d728b0d20b95

PODFILE CHECKSUM: e0355ee955698b6dbad993192bce3c4146129504

COCOAPODS: 1.8.4
