PODS:
  - R.swift (5.1.0):
    - R.swift.Library (~> 5.1.0)
  - R.swift.Library (5.1.0)
  - SwiftLint (0.39.1)
  - SwiftyBeaver (1.8.4)

DEPENDENCIES:
  - R.swift
  - SwiftLint
  - SwiftyBeaver

SPEC REPOS:
  trunk:
    - R.swift
    - R.swift.Library
    - SwiftLint
    - SwiftyBeaver

SPEC CHECKSUMS:
  R.swift: 8cbc4fc69b740305b6a17c8a8ed968eb788962d9
  R.swift.Library: fa85ce1e0d0b7e818cd9e080df910ba54d2776cc
  SwiftLint: 55e96a4a4d537d4a3156859fc1c54bd24851a046
  SwiftyBeaver: f9a9aba96a6a6166e21682377804d728b0d20b95

PODFILE CHECKSUM: 41f883a722861ecb3ad5029e3d46d866424f2e32

COCOAPODS: 1.8.4
