// !$*UTF8*$!
{
	archiveVersion = 1;
	classes = {
	};
	objectVersion = 50;
	objects = {

/* Begin PBXBuildFile section */
		66ECF13B30C4EF4C5B108621 /* libPods-Wolearn.a in Frameworks */ = {isa = PBXBuildFile; fileRef = 8FA6D8A342D0B13D7A2466FA /* libPods-Wolearn.a */; };
		D331FA232406806B00D362BE /* LoadingView.swift in Sources */ = {isa = PBXBuildFile; fileRef = D331FA222406806B00D362BE /* LoadingView.swift */; };
		D331FA252406878E00D362BE /* NetworkViewModel.swift in Sources */ = {isa = PBXBuildFile; fileRef = D331FA242406878E00D362BE /* NetworkViewModel.swift */; };
		D33ACB972406A45B0040DAD1 /* AppState.swift in Sources */ = {isa = PBXBuildFile; fileRef = D33ACB962406A45B0040DAD1 /* AppState.swift */; };
		D33ACB9A2406AECA0040DAD1 /* CategoryRow.swift in Sources */ = {isa = PBXBuildFile; fileRef = D33ACB992406AECA0040DAD1 /* CategoryRow.swift */; };
		D33ACB9C2406AEE50040DAD1 /* CategoriesViewModel.swift in Sources */ = {isa = PBXBuildFile; fileRef = D33ACB9B2406AEE50040DAD1 /* CategoriesViewModel.swift */; };
		D33ACB9E2406AF010040DAD1 /* DateFormatter.swift in Sources */ = {isa = PBXBuildFile; fileRef = D33ACB9D2406AF010040DAD1 /* DateFormatter.swift */; };
		D33ACBA02406B1350040DAD1 /* SettingsViewModel.swift in Sources */ = {isa = PBXBuildFile; fileRef = D33ACB9F2406B1350040DAD1 /* SettingsViewModel.swift */; };
		D33ACBA92407C4530040DAD1 /* RouterView.swift in Sources */ = {isa = PBXBuildFile; fileRef = D33ACBA82407C4530040DAD1 /* RouterView.swift */; };
		D34F596B24090A4B00E71183 /* AsyncImage.swift in Sources */ = {isa = PBXBuildFile; fileRef = D34F596A24090A4B00E71183 /* AsyncImage.swift */; };
		D34F596F2409328700E71183 /* AudioRecorder.swift in Sources */ = {isa = PBXBuildFile; fileRef = D34F596E2409328700E71183 /* AudioRecorder.swift */; };
		D34F59712409333100E71183 /* AudioPlayer.swift in Sources */ = {isa = PBXBuildFile; fileRef = D34F59702409333100E71183 /* AudioPlayer.swift */; };
		D34FA3932403C8D900299919 /* R.generated.swift in Sources */ = {isa = PBXBuildFile; fileRef = D34FA3922403C8D800299919 /* R.generated.swift */; };
		D34FA3982403D9EE00299919 /* RegistrationView.swift in Sources */ = {isa = PBXBuildFile; fileRef = D34FA3972403D9EE00299919 /* RegistrationView.swift */; };
		D34FA39B2403DEBF00299919 /* TabBarView.swift in Sources */ = {isa = PBXBuildFile; fileRef = D34FA39A2403DEBF00299919 /* TabBarView.swift */; };
		D34FA39F2403F1B800299919 /* ProfileView.swift in Sources */ = {isa = PBXBuildFile; fileRef = D34FA39E2403F1B800299919 /* ProfileView.swift */; };
		D34FA3A12403FAFA00299919 /* ProfileInfoPreview.swift in Sources */ = {isa = PBXBuildFile; fileRef = D34FA3A02403FAFA00299919 /* ProfileInfoPreview.swift */; };
		D34FA3A42404044300299919 /* SettingsView.swift in Sources */ = {isa = PBXBuildFile; fileRef = D34FA3A32404044300299919 /* SettingsView.swift */; };
		D34FA3A7240414E600299919 /* CategoriesView.swift in Sources */ = {isa = PBXBuildFile; fileRef = D34FA3A6240414E600299919 /* CategoriesView.swift */; };
		D34FA3AC24056AA900299919 /* LoginViewModel.swift in Sources */ = {isa = PBXBuildFile; fileRef = D34FA3AB24056AA900299919 /* LoginViewModel.swift */; };
		D34FA3B02405739000299919 /* RegistrationViewModel.swift in Sources */ = {isa = PBXBuildFile; fileRef = D34FA3AF2405739000299919 /* RegistrationViewModel.swift */; };
		D34FA3B624058F2C00299919 /* WolearnService.swift in Sources */ = {isa = PBXBuildFile; fileRef = D34FA3B524058F2C00299919 /* WolearnService.swift */; };
		D34FA3B924059C8800299919 /* ServiceError.swift in Sources */ = {isa = PBXBuildFile; fileRef = D34FA3B824059C8800299919 /* ServiceError.swift */; };
		D34FA3BB24059C9D00299919 /* RequestType.swift in Sources */ = {isa = PBXBuildFile; fileRef = D34FA3BA24059C9D00299919 /* RequestType.swift */; };
		D34FA3BD24059CC800299919 /* LoginRequest.swift in Sources */ = {isa = PBXBuildFile; fileRef = D34FA3BC24059CC800299919 /* LoginRequest.swift */; };
		D34FA3C22405ADD600299919 /* RegistrationRequest.swift in Sources */ = {isa = PBXBuildFile; fileRef = D34FA3C12405ADD600299919 /* RegistrationRequest.swift */; };
		D34FA3C42405AE4F00299919 /* GetCategoriesRequest.swift in Sources */ = {isa = PBXBuildFile; fileRef = D34FA3C32405AE4F00299919 /* GetCategoriesRequest.swift */; };
		D34FA3C62405AE6D00299919 /* Category.swift in Sources */ = {isa = PBXBuildFile; fileRef = D34FA3C52405AE6D00299919 /* Category.swift */; };
		D34FA3C82405B0D400299919 /* HistoryItem.swift in Sources */ = {isa = PBXBuildFile; fileRef = D34FA3C72405B0D400299919 /* HistoryItem.swift */; };
		D34FA3CA2405B10500299919 /* HistoryRequest.swift in Sources */ = {isa = PBXBuildFile; fileRef = D34FA3C92405B10500299919 /* HistoryRequest.swift */; };
		D34FA3CC2405B19A00299919 /* GetUserRequest.swift in Sources */ = {isa = PBXBuildFile; fileRef = D34FA3CB2405B19A00299919 /* GetUserRequest.swift */; };
		D34FA3CE2405B1C000299919 /* User.swift in Sources */ = {isa = PBXBuildFile; fileRef = D34FA3CD2405B1C000299919 /* User.swift */; };
		D34FA3D22405B37500299919 /* ChangeСategoriesRequest.swift in Sources */ = {isa = PBXBuildFile; fileRef = D34FA3D12405B37500299919 /* ChangeСategoriesRequest.swift */; };
		D34FA3D42405B76700299919 /* DeleteUserRequest.swift in Sources */ = {isa = PBXBuildFile; fileRef = D34FA3D32405B76700299919 /* DeleteUserRequest.swift */; };
		D34FA3D72405B7BA00299919 /* ResetStatisticsRequest.swift in Sources */ = {isa = PBXBuildFile; fileRef = D34FA3D62405B7BA00299919 /* ResetStatisticsRequest.swift */; };
		D34FA3D92405B80600299919 /* LearningRequest.swift in Sources */ = {isa = PBXBuildFile; fileRef = D34FA3D82405B80600299919 /* LearningRequest.swift */; };
		D34FA3DB2405B84B00299919 /* Word.swift in Sources */ = {isa = PBXBuildFile; fileRef = D34FA3DA2405B84B00299919 /* Word.swift */; };
		D34FA3DD2405B90500299919 /* MemorizeWordRequest.swift in Sources */ = {isa = PBXBuildFile; fileRef = D34FA3DC2405B90500299919 /* MemorizeWordRequest.swift */; };
		D34FA3DF2405B96E00299919 /* MemorizedWord.swift in Sources */ = {isa = PBXBuildFile; fileRef = D34FA3DE2405B96E00299919 /* MemorizedWord.swift */; };
		D34FA3E12406633400299919 /* AppCoordinator.swift in Sources */ = {isa = PBXBuildFile; fileRef = D34FA3E02406633400299919 /* AppCoordinator.swift */; };
		D36E19FE244CAC9B00B30368 /* WordsView.swift in Sources */ = {isa = PBXBuildFile; fileRef = D36E19FD244CAC9B00B30368 /* WordsView.swift */; };
		D36E1A01244CADA800B30368 /* WordsViewModel.swift in Sources */ = {isa = PBXBuildFile; fileRef = D36E1A00244CADA800B30368 /* WordsViewModel.swift */; };
		D391145C2454897600E4651A /* Service.swift in Sources */ = {isa = PBXBuildFile; fileRef = D391145B2454897600E4651A /* Service.swift */; };
		D391146124548A8100E4651A /* GetAudioScoreRequest.swift in Sources */ = {isa = PBXBuildFile; fileRef = D391146024548A8100E4651A /* GetAudioScoreRequest.swift */; };
		D3911463245498A300E4651A /* AudioService.swift in Sources */ = {isa = PBXBuildFile; fileRef = D3911462245498A300E4651A /* AudioService.swift */; };
		D392E6722407D930006CE3AA /* Data.swift in Sources */ = {isa = PBXBuildFile; fileRef = D392E6712407D930006CE3AA /* Data.swift */; };
		D392E6742407D941006CE3AA /* Encodable.swift in Sources */ = {isa = PBXBuildFile; fileRef = D392E6732407D941006CE3AA /* Encodable.swift */; };
		D392E6762407FF56006CE3AA /* ViewStyles.swift in Sources */ = {isa = PBXBuildFile; fileRef = D392E6752407FF56006CE3AA /* ViewStyles.swift */; };
		D392E67824082381006CE3AA /* HorizontalLine.swift in Sources */ = {isa = PBXBuildFile; fileRef = D392E67724082381006CE3AA /* HorizontalLine.swift */; };
		D392E67A24082508006CE3AA /* InputView.swift in Sources */ = {isa = PBXBuildFile; fileRef = D392E67924082508006CE3AA /* InputView.swift */; };
		D392E67C24085ED7006CE3AA /* HeaderView.swift in Sources */ = {isa = PBXBuildFile; fileRef = D392E67B24085ED7006CE3AA /* HeaderView.swift */; };
		D39A777924069E230031F034 /* Empty.swift in Sources */ = {isa = PBXBuildFile; fileRef = D39A777824069E230031F034 /* Empty.swift */; };
		D39A777B2406A06C0031F034 /* ProfileViewModel.swift in Sources */ = {isa = PBXBuildFile; fileRef = D39A777A2406A06C0031F034 /* ProfileViewModel.swift */; };
		D39A777D2406A1460031F034 /* HistoryRow.swift in Sources */ = {isa = PBXBuildFile; fileRef = D39A777C2406A1460031F034 /* HistoryRow.swift */; };
		D39A77802406A1920031F034 /* Date.swift in Sources */ = {isa = PBXBuildFile; fileRef = D39A777F2406A1920031F034 /* Date.swift */; };
		D39D2FB6245755AE001C8033 /* Star.swift in Sources */ = {isa = PBXBuildFile; fileRef = D39D2FB5245755AE001C8033 /* Star.swift */; };
		D3A2E21E23FC48F900CC27D0 /* AppDelegate.swift in Sources */ = {isa = PBXBuildFile; fileRef = D3A2E21D23FC48F900CC27D0 /* AppDelegate.swift */; };
		D3A2E22023FC48F900CC27D0 /* SceneDelegate.swift in Sources */ = {isa = PBXBuildFile; fileRef = D3A2E21F23FC48F900CC27D0 /* SceneDelegate.swift */; };
		D3A2E22223FC48F900CC27D0 /* LoginView.swift in Sources */ = {isa = PBXBuildFile; fileRef = D3A2E22123FC48F900CC27D0 /* LoginView.swift */; };
		D3A2E22423FC48FA00CC27D0 /* Assets.xcassets in Resources */ = {isa = PBXBuildFile; fileRef = D3A2E22323FC48FA00CC27D0 /* Assets.xcassets */; };
		D3A2E22723FC48FA00CC27D0 /* Preview Assets.xcassets in Resources */ = {isa = PBXBuildFile; fileRef = D3A2E22623FC48FA00CC27D0 /* Preview Assets.xcassets */; };
		D3A2E22A23FC48FA00CC27D0 /* LaunchScreen.storyboard in Resources */ = {isa = PBXBuildFile; fileRef = D3A2E22823FC48FA00CC27D0 /* LaunchScreen.storyboard */; };
		D3A2E23523FC48FB00CC27D0 /* WolearnTests.swift in Sources */ = {isa = PBXBuildFile; fileRef = D3A2E23423FC48FB00CC27D0 /* WolearnTests.swift */; };
		D3A2E24023FC48FB00CC27D0 /* WolearnUITests.swift in Sources */ = {isa = PBXBuildFile; fileRef = D3A2E23F23FC48FB00CC27D0 /* WolearnUITests.swift */; };
/* End PBXBuildFile section */

/* Begin PBXContainerItemProxy section */
		D3A2E23123FC48FB00CC27D0 /* PBXContainerItemProxy */ = {
			isa = PBXContainerItemProxy;
			containerPortal = D3A2E21223FC48F900CC27D0 /* Project object */;
			proxyType = 1;
			remoteGlobalIDString = D3A2E21923FC48F900CC27D0;
			remoteInfo = Wolearn;
		};
		D3A2E23C23FC48FB00CC27D0 /* PBXContainerItemProxy */ = {
			isa = PBXContainerItemProxy;
			containerPortal = D3A2E21223FC48F900CC27D0 /* Project object */;
			proxyType = 1;
			remoteGlobalIDString = D3A2E21923FC48F900CC27D0;
			remoteInfo = Wolearn;
		};
/* End PBXContainerItemProxy section */

/* Begin PBXFileReference section */
		16EE8D16E4515A16C9BF2EA4 /* Pods_Wolearn.framework */ = {isa = PBXFileReference; explicitFileType = wrapper.framework; includeInIndex = 0; path = Pods_Wolearn.framework; sourceTree = BUILT_PRODUCTS_DIR; };
		4B55A0E376817E0F0BBDA580 /* Pods-Wolearn.release.xcconfig */ = {isa = PBXFileReference; includeInIndex = 1; lastKnownFileType = text.xcconfig; name = "Pods-Wolearn.release.xcconfig"; path = "Target Support Files/Pods-Wolearn/Pods-Wolearn.release.xcconfig"; sourceTree = "<group>"; };
		8FA6D8A342D0B13D7A2466FA /* libPods-Wolearn.a */ = {isa = PBXFileReference; explicitFileType = archive.ar; includeInIndex = 0; path = "libPods-Wolearn.a"; sourceTree = BUILT_PRODUCTS_DIR; };
		9D1E803F97FC53D36912588F /* Pods-Wolearn.debug.xcconfig */ = {isa = PBXFileReference; includeInIndex = 1; lastKnownFileType = text.xcconfig; name = "Pods-Wolearn.debug.xcconfig"; path = "Target Support Files/Pods-Wolearn/Pods-Wolearn.debug.xcconfig"; sourceTree = "<group>"; };
		D331FA222406806B00D362BE /* LoadingView.swift */ = {isa = PBXFileReference; lastKnownFileType = sourcecode.swift; path = LoadingView.swift; sourceTree = "<group>"; };
		D331FA242406878E00D362BE /* NetworkViewModel.swift */ = {isa = PBXFileReference; lastKnownFileType = sourcecode.swift; path = NetworkViewModel.swift; sourceTree = "<group>"; };
		D33ACB962406A45B0040DAD1 /* AppState.swift */ = {isa = PBXFileReference; lastKnownFileType = sourcecode.swift; path = AppState.swift; sourceTree = "<group>"; };
		D33ACB992406AECA0040DAD1 /* CategoryRow.swift */ = {isa = PBXFileReference; lastKnownFileType = sourcecode.swift; path = CategoryRow.swift; sourceTree = "<group>"; };
		D33ACB9B2406AEE50040DAD1 /* CategoriesViewModel.swift */ = {isa = PBXFileReference; lastKnownFileType = sourcecode.swift; path = CategoriesViewModel.swift; sourceTree = "<group>"; };
		D33ACB9D2406AF010040DAD1 /* DateFormatter.swift */ = {isa = PBXFileReference; lastKnownFileType = sourcecode.swift; path = DateFormatter.swift; sourceTree = "<group>"; };
		D33ACB9F2406B1350040DAD1 /* SettingsViewModel.swift */ = {isa = PBXFileReference; lastKnownFileType = sourcecode.swift; path = SettingsViewModel.swift; sourceTree = "<group>"; };
		D33ACBA82407C4530040DAD1 /* RouterView.swift */ = {isa = PBXFileReference; lastKnownFileType = sourcecode.swift; path = RouterView.swift; sourceTree = "<group>"; };
		D34F596A24090A4B00E71183 /* AsyncImage.swift */ = {isa = PBXFileReference; lastKnownFileType = sourcecode.swift; path = AsyncImage.swift; sourceTree = "<group>"; };
		D34F596E2409328700E71183 /* AudioRecorder.swift */ = {isa = PBXFileReference; lastKnownFileType = sourcecode.swift; path = AudioRecorder.swift; sourceTree = "<group>"; };
		D34F59702409333100E71183 /* AudioPlayer.swift */ = {isa = PBXFileReference; lastKnownFileType = sourcecode.swift; path = AudioPlayer.swift; sourceTree = "<group>"; };
		D34FA3922403C8D800299919 /* R.generated.swift */ = {isa = PBXFileReference; fileEncoding = 4; lastKnownFileType = sourcecode.swift; path = R.generated.swift; sourceTree = SOURCE_ROOT; };
		D34FA3972403D9EE00299919 /* RegistrationView.swift */ = {isa = PBXFileReference; lastKnownFileType = sourcecode.swift; path = RegistrationView.swift; sourceTree = "<group>"; };
		D34FA39A2403DEBF00299919 /* TabBarView.swift */ = {isa = PBXFileReference; lastKnownFileType = sourcecode.swift; path = TabBarView.swift; sourceTree = "<group>"; };
		D34FA39E2403F1B800299919 /* ProfileView.swift */ = {isa = PBXFileReference; lastKnownFileType = sourcecode.swift; path = ProfileView.swift; sourceTree = "<group>"; };
		D34FA3A02403FAFA00299919 /* ProfileInfoPreview.swift */ = {isa = PBXFileReference; lastKnownFileType = sourcecode.swift; path = ProfileInfoPreview.swift; sourceTree = "<group>"; };
		D34FA3A32404044300299919 /* SettingsView.swift */ = {isa = PBXFileReference; lastKnownFileType = sourcecode.swift; path = SettingsView.swift; sourceTree = "<group>"; };
		D34FA3A6240414E600299919 /* CategoriesView.swift */ = {isa = PBXFileReference; lastKnownFileType = sourcecode.swift; path = CategoriesView.swift; sourceTree = "<group>"; };
		D34FA3AB24056AA900299919 /* LoginViewModel.swift */ = {isa = PBXFileReference; lastKnownFileType = sourcecode.swift; path = LoginViewModel.swift; sourceTree = "<group>"; };
		D34FA3AF2405739000299919 /* RegistrationViewModel.swift */ = {isa = PBXFileReference; lastKnownFileType = sourcecode.swift; path = RegistrationViewModel.swift; sourceTree = "<group>"; };
		D34FA3B524058F2C00299919 /* WolearnService.swift */ = {isa = PBXFileReference; lastKnownFileType = sourcecode.swift; path = WolearnService.swift; sourceTree = "<group>"; };
		D34FA3B824059C8800299919 /* ServiceError.swift */ = {isa = PBXFileReference; lastKnownFileType = sourcecode.swift; path = ServiceError.swift; sourceTree = "<group>"; };
		D34FA3BA24059C9D00299919 /* RequestType.swift */ = {isa = PBXFileReference; lastKnownFileType = sourcecode.swift; path = RequestType.swift; sourceTree = "<group>"; };
		D34FA3BC24059CC800299919 /* LoginRequest.swift */ = {isa = PBXFileReference; lastKnownFileType = sourcecode.swift; path = LoginRequest.swift; sourceTree = "<group>"; };
		D34FA3C12405ADD600299919 /* RegistrationRequest.swift */ = {isa = PBXFileReference; lastKnownFileType = sourcecode.swift; path = RegistrationRequest.swift; sourceTree = "<group>"; };
		D34FA3C32405AE4F00299919 /* GetCategoriesRequest.swift */ = {isa = PBXFileReference; lastKnownFileType = sourcecode.swift; path = GetCategoriesRequest.swift; sourceTree = "<group>"; };
		D34FA3C52405AE6D00299919 /* Category.swift */ = {isa = PBXFileReference; lastKnownFileType = sourcecode.swift; path = Category.swift; sourceTree = "<group>"; };
		D34FA3C72405B0D400299919 /* HistoryItem.swift */ = {isa = PBXFileReference; lastKnownFileType = sourcecode.swift; path = HistoryItem.swift; sourceTree = "<group>"; };
		D34FA3C92405B10500299919 /* HistoryRequest.swift */ = {isa = PBXFileReference; lastKnownFileType = sourcecode.swift; path = HistoryRequest.swift; sourceTree = "<group>"; };
		D34FA3CB2405B19A00299919 /* GetUserRequest.swift */ = {isa = PBXFileReference; lastKnownFileType = sourcecode.swift; path = GetUserRequest.swift; sourceTree = "<group>"; };
		D34FA3CD2405B1C000299919 /* User.swift */ = {isa = PBXFileReference; lastKnownFileType = sourcecode.swift; path = User.swift; sourceTree = "<group>"; };
		D34FA3D12405B37500299919 /* ChangeСategoriesRequest.swift */ = {isa = PBXFileReference; lastKnownFileType = sourcecode.swift; path = "ChangeСategoriesRequest.swift"; sourceTree = "<group>"; };
		D34FA3D32405B76700299919 /* DeleteUserRequest.swift */ = {isa = PBXFileReference; lastKnownFileType = sourcecode.swift; path = DeleteUserRequest.swift; sourceTree = "<group>"; };
		D34FA3D62405B7BA00299919 /* ResetStatisticsRequest.swift */ = {isa = PBXFileReference; lastKnownFileType = sourcecode.swift; path = ResetStatisticsRequest.swift; sourceTree = "<group>"; };
		D34FA3D82405B80600299919 /* LearningRequest.swift */ = {isa = PBXFileReference; lastKnownFileType = sourcecode.swift; path = LearningRequest.swift; sourceTree = "<group>"; };
		D34FA3DA2405B84B00299919 /* Word.swift */ = {isa = PBXFileReference; lastKnownFileType = sourcecode.swift; path = Word.swift; sourceTree = "<group>"; };
		D34FA3DC2405B90500299919 /* MemorizeWordRequest.swift */ = {isa = PBXFileReference; lastKnownFileType = sourcecode.swift; path = MemorizeWordRequest.swift; sourceTree = "<group>"; };
		D34FA3DE2405B96E00299919 /* MemorizedWord.swift */ = {isa = PBXFileReference; lastKnownFileType = sourcecode.swift; path = MemorizedWord.swift; sourceTree = "<group>"; };
		D34FA3E02406633400299919 /* AppCoordinator.swift */ = {isa = PBXFileReference; lastKnownFileType = sourcecode.swift; path = AppCoordinator.swift; sourceTree = "<group>"; };
		D36E19FD244CAC9B00B30368 /* WordsView.swift */ = {isa = PBXFileReference; lastKnownFileType = sourcecode.swift; path = WordsView.swift; sourceTree = "<group>"; };
		D36E1A00244CADA800B30368 /* WordsViewModel.swift */ = {isa = PBXFileReference; lastKnownFileType = sourcecode.swift; path = WordsViewModel.swift; sourceTree = "<group>"; };
		D391145B2454897600E4651A /* Service.swift */ = {isa = PBXFileReference; lastKnownFileType = sourcecode.swift; path = Service.swift; sourceTree = "<group>"; };
		D391146024548A8100E4651A /* GetAudioScoreRequest.swift */ = {isa = PBXFileReference; lastKnownFileType = sourcecode.swift; path = GetAudioScoreRequest.swift; sourceTree = "<group>"; };
		D3911462245498A300E4651A /* AudioService.swift */ = {isa = PBXFileReference; lastKnownFileType = sourcecode.swift; path = AudioService.swift; sourceTree = "<group>"; };
		D392E6712407D930006CE3AA /* Data.swift */ = {isa = PBXFileReference; lastKnownFileType = sourcecode.swift; path = Data.swift; sourceTree = "<group>"; };
		D392E6732407D941006CE3AA /* Encodable.swift */ = {isa = PBXFileReference; lastKnownFileType = sourcecode.swift; path = Encodable.swift; sourceTree = "<group>"; };
		D392E6752407FF56006CE3AA /* ViewStyles.swift */ = {isa = PBXFileReference; lastKnownFileType = sourcecode.swift; path = ViewStyles.swift; sourceTree = "<group>"; };
		D392E67724082381006CE3AA /* HorizontalLine.swift */ = {isa = PBXFileReference; lastKnownFileType = sourcecode.swift; path = HorizontalLine.swift; sourceTree = "<group>"; };
		D392E67924082508006CE3AA /* InputView.swift */ = {isa = PBXFileReference; lastKnownFileType = sourcecode.swift; path = InputView.swift; sourceTree = "<group>"; };
		D392E67B24085ED7006CE3AA /* HeaderView.swift */ = {isa = PBXFileReference; lastKnownFileType = sourcecode.swift; path = HeaderView.swift; sourceTree = "<group>"; };
		D39A777824069E230031F034 /* Empty.swift */ = {isa = PBXFileReference; lastKnownFileType = sourcecode.swift; path = Empty.swift; sourceTree = "<group>"; };
		D39A777A2406A06C0031F034 /* ProfileViewModel.swift */ = {isa = PBXFileReference; lastKnownFileType = sourcecode.swift; path = ProfileViewModel.swift; sourceTree = "<group>"; };
		D39A777C2406A1460031F034 /* HistoryRow.swift */ = {isa = PBXFileReference; lastKnownFileType = sourcecode.swift; path = HistoryRow.swift; sourceTree = "<group>"; };
		D39A777F2406A1920031F034 /* Date.swift */ = {isa = PBXFileReference; lastKnownFileType = sourcecode.swift; path = Date.swift; sourceTree = "<group>"; };
		D39D2FB5245755AE001C8033 /* Star.swift */ = {isa = PBXFileReference; lastKnownFileType = sourcecode.swift; path = Star.swift; sourceTree = "<group>"; };
		D3A2E21A23FC48F900CC27D0 /* Wolearn.app */ = {isa = PBXFileReference; explicitFileType = wrapper.application; includeInIndex = 0; path = Wolearn.app; sourceTree = BUILT_PRODUCTS_DIR; };
		D3A2E21D23FC48F900CC27D0 /* AppDelegate.swift */ = {isa = PBXFileReference; lastKnownFileType = sourcecode.swift; path = AppDelegate.swift; sourceTree = "<group>"; };
		D3A2E21F23FC48F900CC27D0 /* SceneDelegate.swift */ = {isa = PBXFileReference; lastKnownFileType = sourcecode.swift; path = SceneDelegate.swift; sourceTree = "<group>"; };
		D3A2E22123FC48F900CC27D0 /* LoginView.swift */ = {isa = PBXFileReference; lastKnownFileType = sourcecode.swift; name = LoginView.swift; path = Wolearn/UI/Login/LoginView.swift; sourceTree = SOURCE_ROOT; };
		D3A2E22323FC48FA00CC27D0 /* Assets.xcassets */ = {isa = PBXFileReference; lastKnownFileType = folder.assetcatalog; path = Assets.xcassets; sourceTree = "<group>"; };
		D3A2E22623FC48FA00CC27D0 /* Preview Assets.xcassets */ = {isa = PBXFileReference; lastKnownFileType = folder.assetcatalog; path = "Preview Assets.xcassets"; sourceTree = "<group>"; };
		D3A2E22923FC48FA00CC27D0 /* Base */ = {isa = PBXFileReference; lastKnownFileType = file.storyboard; name = Base; path = Base.lproj/LaunchScreen.storyboard; sourceTree = "<group>"; };
		D3A2E22B23FC48FA00CC27D0 /* Info.plist */ = {isa = PBXFileReference; lastKnownFileType = text.plist.xml; path = Info.plist; sourceTree = "<group>"; };
		D3A2E23023FC48FB00CC27D0 /* WolearnTests.xctest */ = {isa = PBXFileReference; explicitFileType = wrapper.cfbundle; includeInIndex = 0; path = WolearnTests.xctest; sourceTree = BUILT_PRODUCTS_DIR; };
		D3A2E23423FC48FB00CC27D0 /* WolearnTests.swift */ = {isa = PBXFileReference; lastKnownFileType = sourcecode.swift; path = WolearnTests.swift; sourceTree = "<group>"; };
		D3A2E23623FC48FB00CC27D0 /* Info.plist */ = {isa = PBXFileReference; lastKnownFileType = text.plist.xml; path = Info.plist; sourceTree = "<group>"; };
		D3A2E23B23FC48FB00CC27D0 /* WolearnUITests.xctest */ = {isa = PBXFileReference; explicitFileType = wrapper.cfbundle; includeInIndex = 0; path = WolearnUITests.xctest; sourceTree = BUILT_PRODUCTS_DIR; };
		D3A2E23F23FC48FB00CC27D0 /* WolearnUITests.swift */ = {isa = PBXFileReference; lastKnownFileType = sourcecode.swift; path = WolearnUITests.swift; sourceTree = "<group>"; };
		D3A2E24123FC48FB00CC27D0 /* Info.plist */ = {isa = PBXFileReference; lastKnownFileType = text.plist.xml; path = Info.plist; sourceTree = "<group>"; };
/* End PBXFileReference section */

/* Begin PBXFrameworksBuildPhase section */
		D3A2E21723FC48F900CC27D0 /* Frameworks */ = {
			isa = PBXFrameworksBuildPhase;
			buildActionMask = 2147483647;
			files = (
				66ECF13B30C4EF4C5B108621 /* libPods-Wolearn.a in Frameworks */,
			);
			runOnlyForDeploymentPostprocessing = 0;
		};
		D3A2E22D23FC48FB00CC27D0 /* Frameworks */ = {
			isa = PBXFrameworksBuildPhase;
			buildActionMask = 2147483647;
			files = (
			);
			runOnlyForDeploymentPostprocessing = 0;
		};
		D3A2E23823FC48FB00CC27D0 /* Frameworks */ = {
			isa = PBXFrameworksBuildPhase;
			buildActionMask = 2147483647;
			files = (
			);
			runOnlyForDeploymentPostprocessing = 0;
		};
/* End PBXFrameworksBuildPhase section */

/* Begin PBXGroup section */
		394BBBF2DC82AE03292D9412 /* Frameworks */ = {
			isa = PBXGroup;
			children = (
				8FA6D8A342D0B13D7A2466FA /* libPods-Wolearn.a */,
			);
			name = Frameworks;
			sourceTree = "<group>";
		};
		9FD0F95AC01E84A22AF25F76 /* Pods */ = {
			isa = PBXGroup;
			children = (
				9D1E803F97FC53D36912588F /* Pods-Wolearn.debug.xcconfig */,
				4B55A0E376817E0F0BBDA580 /* Pods-Wolearn.release.xcconfig */,
			);
			path = Pods;
			sourceTree = "<group>";
		};
		D331FA212406806200D362BE /* Common */ = {
			isa = PBXGroup;
			children = (
				D33ACBAB2407C4A00040DAD1 /* Routing */,
				D33ACBAA2407C4960040DAD1 /* Views */,
				D331FA242406878E00D362BE /* NetworkViewModel.swift */,
			);
			path = Common;
			sourceTree = "<group>";
		};
		D33ACB982406AEC10040DAD1 /* Views */ = {
			isa = PBXGroup;
			children = (
				D33ACB992406AECA0040DAD1 /* CategoryRow.swift */,
			);
			path = Views;
			sourceTree = "<group>";
		};
		D33ACBA72406B7750040DAD1 /* Recovered References */ = {
			isa = PBXGroup;
			children = (
				16EE8D16E4515A16C9BF2EA4 /* Pods_Wolearn.framework */,
			);
			name = "Recovered References";
			sourceTree = "<group>";
		};
		D33ACBAA2407C4960040DAD1 /* Views */ = {
			isa = PBXGroup;
			children = (
				D331FA222406806B00D362BE /* LoadingView.swift */,
				D392E67724082381006CE3AA /* HorizontalLine.swift */,
				D392E67924082508006CE3AA /* InputView.swift */,
				D392E6752407FF56006CE3AA /* ViewStyles.swift */,
				D392E67B24085ED7006CE3AA /* HeaderView.swift */,
				D34F596A24090A4B00E71183 /* AsyncImage.swift */,
				D39D2FB5245755AE001C8033 /* Star.swift */,
			);
			path = Views;
			sourceTree = "<group>";
		};
		D33ACBAB2407C4A00040DAD1 /* Routing */ = {
			isa = PBXGroup;
			children = (
				D33ACBA82407C4530040DAD1 /* RouterView.swift */,
				D34FA3E02406633400299919 /* AppCoordinator.swift */,
			);
			path = Routing;
			sourceTree = "<group>";
		};
		D34F596D2409326F00E71183 /* Utils */ = {
			isa = PBXGroup;
			children = (
				D34F596E2409328700E71183 /* AudioRecorder.swift */,
				D34F59702409333100E71183 /* AudioPlayer.swift */,
			);
			path = Utils;
			sourceTree = "<group>";
		};
		D34FA38E2403C77400299919 /* UI */ = {
			isa = PBXGroup;
			children = (
				D331FA212406806200D362BE /* Common */,
				D34FA38F2403C77F00299919 /* Login */,
				D34FA3962403D9C900299919 /* Registration */,
				D34FA3992403DEA300299919 /* Navigation */,
				D34FA39D2403F1A300299919 /* Profile */,
				D34FA3A5240414B600299919 /* Learning */,
				D34FA3A22404042F00299919 /* Settings */,
				D36E19FC244CAC5C00B30368 /* Word */,
			);
			path = UI;
			sourceTree = "<group>";
		};
		D34FA38F2403C77F00299919 /* Login */ = {
			isa = PBXGroup;
			children = (
				D3A2E22123FC48F900CC27D0 /* LoginView.swift */,
				D34FA3AB24056AA900299919 /* LoginViewModel.swift */,
			);
			path = Login;
			sourceTree = "<group>";
		};
		D34FA3902403C79D00299919 /* Resources */ = {
			isa = PBXGroup;
			children = (
				D34FA3922403C8D800299919 /* R.generated.swift */,
				D3A2E22323FC48FA00CC27D0 /* Assets.xcassets */,
			);
			path = Resources;
			sourceTree = "<group>";
		};
		D34FA3962403D9C900299919 /* Registration */ = {
			isa = PBXGroup;
			children = (
				D34FA3972403D9EE00299919 /* RegistrationView.swift */,
				D34FA3AF2405739000299919 /* RegistrationViewModel.swift */,
			);
			path = Registration;
			sourceTree = "<group>";
		};
		D34FA3992403DEA300299919 /* Navigation */ = {
			isa = PBXGroup;
			children = (
				D34FA39A2403DEBF00299919 /* TabBarView.swift */,
			);
			path = Navigation;
			sourceTree = "<group>";
		};
		D34FA39D2403F1A300299919 /* Profile */ = {
			isa = PBXGroup;
			children = (
				D39A777E2406A1530031F034 /* Subivews */,
				D34FA39E2403F1B800299919 /* ProfileView.swift */,
				D39A777A2406A06C0031F034 /* ProfileViewModel.swift */,
			);
			path = Profile;
			sourceTree = "<group>";
		};
		D34FA3A22404042F00299919 /* Settings */ = {
			isa = PBXGroup;
			children = (
				D34FA3A32404044300299919 /* SettingsView.swift */,
				D33ACB9F2406B1350040DAD1 /* SettingsViewModel.swift */,
			);
			path = Settings;
			sourceTree = "<group>";
		};
		D34FA3A5240414B600299919 /* Learning */ = {
			isa = PBXGroup;
			children = (
				D33ACB982406AEC10040DAD1 /* Views */,
				D34FA3A6240414E600299919 /* CategoriesView.swift */,
				D33ACB9B2406AEE50040DAD1 /* CategoriesViewModel.swift */,
			);
			path = Learning;
			sourceTree = "<group>";
		};
		D34FA3A8240549E900299919 /* Network */ = {
			isa = PBXGroup;
			children = (
				D34FA3A9240549F400299919 /* Models */,
				D34FA3B724059C7D00299919 /* Requests */,
				D391145A2454896500E4651A /* Service */,
			);
			path = Network;
			sourceTree = "<group>";
		};
		D34FA3A9240549F400299919 /* Models */ = {
			isa = PBXGroup;
			children = (
				D34FA3C52405AE6D00299919 /* Category.swift */,
				D34FA3C72405B0D400299919 /* HistoryItem.swift */,
				D34FA3CD2405B1C000299919 /* User.swift */,
				D34FA3DA2405B84B00299919 /* Word.swift */,
				D34FA3DE2405B96E00299919 /* MemorizedWord.swift */,
				D39A777824069E230031F034 /* Empty.swift */,
			);
			path = Models;
			sourceTree = "<group>";
		};
		D34FA3AA24055E5C00299919 /* Supporting Files */ = {
			isa = PBXGroup;
			children = (
				D3A2E22B23FC48FA00CC27D0 /* Info.plist */,
				D3A2E21D23FC48F900CC27D0 /* AppDelegate.swift */,
				D3A2E21F23FC48F900CC27D0 /* SceneDelegate.swift */,
				D3A2E22823FC48FA00CC27D0 /* LaunchScreen.storyboard */,
			);
			path = "Supporting Files";
			sourceTree = "<group>";
		};
		D34FA3B724059C7D00299919 /* Requests */ = {
			isa = PBXGroup;
			children = (
				D34FA3BA24059C9D00299919 /* RequestType.swift */,
				D34FA3BC24059CC800299919 /* LoginRequest.swift */,
				D34FA3C12405ADD600299919 /* RegistrationRequest.swift */,
				D34FA3CF2405B26300299919 /* User */,
				D34FA3D02405B27600299919 /* Learning */,
			);
			path = Requests;
			sourceTree = "<group>";
		};
		D34FA3BE24059EC600299919 /* Extensions */ = {
			isa = PBXGroup;
			children = (
				D39A777F2406A1920031F034 /* Date.swift */,
				D33ACB9D2406AF010040DAD1 /* DateFormatter.swift */,
				D392E6712407D930006CE3AA /* Data.swift */,
				D392E6732407D941006CE3AA /* Encodable.swift */,
			);
			path = Extensions;
			sourceTree = "<group>";
		};
		D34FA3CF2405B26300299919 /* User */ = {
			isa = PBXGroup;
			children = (
				D34FA3CB2405B19A00299919 /* GetUserRequest.swift */,
				D34FA3D32405B76700299919 /* DeleteUserRequest.swift */,
				D34FA3C92405B10500299919 /* HistoryRequest.swift */,
				D34FA3D62405B7BA00299919 /* ResetStatisticsRequest.swift */,
			);
			path = User;
			sourceTree = "<group>";
		};
		D34FA3D02405B27600299919 /* Learning */ = {
			isa = PBXGroup;
			children = (
				D34FA3C32405AE4F00299919 /* GetCategoriesRequest.swift */,
				D34FA3D12405B37500299919 /* ChangeСategoriesRequest.swift */,
				D34FA3D82405B80600299919 /* LearningRequest.swift */,
				D34FA3DC2405B90500299919 /* MemorizeWordRequest.swift */,
				D391146024548A8100E4651A /* GetAudioScoreRequest.swift */,
			);
			path = Learning;
			sourceTree = "<group>";
		};
		D36E19FC244CAC5C00B30368 /* Word */ = {
			isa = PBXGroup;
			children = (
				D36E19FD244CAC9B00B30368 /* WordsView.swift */,
				D36E1A00244CADA800B30368 /* WordsViewModel.swift */,
			);
			path = Word;
			sourceTree = "<group>";
		};
		D391145A2454896500E4651A /* Service */ = {
			isa = PBXGroup;
			children = (
				D34FA3B824059C8800299919 /* ServiceError.swift */,
				D391145B2454897600E4651A /* Service.swift */,
				D34FA3B524058F2C00299919 /* WolearnService.swift */,
				D3911462245498A300E4651A /* AudioService.swift */,
			);
			path = Service;
			sourceTree = "<group>";
		};
		D39A777E2406A1530031F034 /* Subivews */ = {
			isa = PBXGroup;
			children = (
				D39A777C2406A1460031F034 /* HistoryRow.swift */,
				D34FA3A02403FAFA00299919 /* ProfileInfoPreview.swift */,
			);
			path = Subivews;
			sourceTree = "<group>";
		};
		D3A2E21123FC48F900CC27D0 = {
			isa = PBXGroup;
			children = (
				D3A2E21C23FC48F900CC27D0 /* Wolearn */,
				D3A2E23323FC48FB00CC27D0 /* WolearnTests */,
				D3A2E23E23FC48FB00CC27D0 /* WolearnUITests */,
				D3A2E21B23FC48F900CC27D0 /* Products */,
				9FD0F95AC01E84A22AF25F76 /* Pods */,
				394BBBF2DC82AE03292D9412 /* Frameworks */,
				D33ACBA72406B7750040DAD1 /* Recovered References */,
			);
			sourceTree = "<group>";
		};
		D3A2E21B23FC48F900CC27D0 /* Products */ = {
			isa = PBXGroup;
			children = (
				D3A2E21A23FC48F900CC27D0 /* Wolearn.app */,
				D3A2E23023FC48FB00CC27D0 /* WolearnTests.xctest */,
				D3A2E23B23FC48FB00CC27D0 /* WolearnUITests.xctest */,
			);
			name = Products;
			sourceTree = "<group>";
		};
		D3A2E21C23FC48F900CC27D0 /* Wolearn */ = {
			isa = PBXGroup;
			children = (
				D34FA3A8240549E900299919 /* Network */,
				D34FA38E2403C77400299919 /* UI */,
				D34FA3BE24059EC600299919 /* Extensions */,
				D34F596D2409326F00E71183 /* Utils */,
				D34FA3AA24055E5C00299919 /* Supporting Files */,
				D34FA3902403C79D00299919 /* Resources */,
				D3A2E22523FC48FA00CC27D0 /* Preview Content */,
				D33ACB962406A45B0040DAD1 /* AppState.swift */,
			);
			path = Wolearn;
			sourceTree = "<group>";
		};
		D3A2E22523FC48FA00CC27D0 /* Preview Content */ = {
			isa = PBXGroup;
			children = (
				D3A2E22623FC48FA00CC27D0 /* Preview Assets.xcassets */,
			);
			path = "Preview Content";
			sourceTree = "<group>";
		};
		D3A2E23323FC48FB00CC27D0 /* WolearnTests */ = {
			isa = PBXGroup;
			children = (
				D3A2E23423FC48FB00CC27D0 /* WolearnTests.swift */,
				D3A2E23623FC48FB00CC27D0 /* Info.plist */,
			);
			path = WolearnTests;
			sourceTree = "<group>";
		};
		D3A2E23E23FC48FB00CC27D0 /* WolearnUITests */ = {
			isa = PBXGroup;
			children = (
				D3A2E23F23FC48FB00CC27D0 /* WolearnUITests.swift */,
				D3A2E24123FC48FB00CC27D0 /* Info.plist */,
			);
			path = WolearnUITests;
			sourceTree = "<group>";
		};
/* End PBXGroup section */

/* Begin PBXNativeTarget section */
		D3A2E21923FC48F900CC27D0 /* Wolearn */ = {
			isa = PBXNativeTarget;
			buildConfigurationList = D3A2E24423FC48FB00CC27D0 /* Build configuration list for PBXNativeTarget "Wolearn" */;
			buildPhases = (
				5FE913E8E75C5663A4C98356 /* [CP] Check Pods Manifest.lock */,
				D34FA3912403C80500299919 /* Run Script (R.swift) */,
				D34FA39C2403EDE800299919 /* Run Script (SwiftLint) */,
				D3A2E21623FC48F900CC27D0 /* Sources */,
				D3A2E21723FC48F900CC27D0 /* Frameworks */,
				D3A2E21823FC48F900CC27D0 /* Resources */,
			);
			buildRules = (
			);
			dependencies = (
			);
			name = Wolearn;
			productName = Wolearn;
			productReference = D3A2E21A23FC48F900CC27D0 /* Wolearn.app */;
			productType = "com.apple.product-type.application";
		};
		D3A2E22F23FC48FB00CC27D0 /* WolearnTests */ = {
			isa = PBXNativeTarget;
			buildConfigurationList = D3A2E24723FC48FB00CC27D0 /* Build configuration list for PBXNativeTarget "WolearnTests" */;
			buildPhases = (
				D3A2E22C23FC48FB00CC27D0 /* Sources */,
				D3A2E22D23FC48FB00CC27D0 /* Frameworks */,
				D3A2E22E23FC48FB00CC27D0 /* Resources */,
			);
			buildRules = (
			);
			dependencies = (
				D3A2E23223FC48FB00CC27D0 /* PBXTargetDependency */,
			);
			name = WolearnTests;
			productName = WolearnTests;
			productReference = D3A2E23023FC48FB00CC27D0 /* WolearnTests.xctest */;
			productType = "com.apple.product-type.bundle.unit-test";
		};
		D3A2E23A23FC48FB00CC27D0 /* WolearnUITests */ = {
			isa = PBXNativeTarget;
			buildConfigurationList = D3A2E24A23FC48FB00CC27D0 /* Build configuration list for PBXNativeTarget "WolearnUITests" */;
			buildPhases = (
				D3A2E23723FC48FB00CC27D0 /* Sources */,
				D3A2E23823FC48FB00CC27D0 /* Frameworks */,
				D3A2E23923FC48FB00CC27D0 /* Resources */,
			);
			buildRules = (
			);
			dependencies = (
				D3A2E23D23FC48FB00CC27D0 /* PBXTargetDependency */,
			);
			name = WolearnUITests;
			productName = WolearnUITests;
			productReference = D3A2E23B23FC48FB00CC27D0 /* WolearnUITests.xctest */;
			productType = "com.apple.product-type.bundle.ui-testing";
		};
/* End PBXNativeTarget section */

/* Begin PBXProject section */
		D3A2E21223FC48F900CC27D0 /* Project object */ = {
			isa = PBXProject;
			attributes = {
				LastSwiftUpdateCheck = 1130;
				LastUpgradeCheck = 1130;
				ORGANIZATIONNAME = "Ilya Sysoi";
				TargetAttributes = {
					D3A2E21923FC48F900CC27D0 = {
						CreatedOnToolsVersion = 11.3.1;
					};
					D3A2E22F23FC48FB00CC27D0 = {
						CreatedOnToolsVersion = 11.3.1;
						TestTargetID = D3A2E21923FC48F900CC27D0;
					};
					D3A2E23A23FC48FB00CC27D0 = {
						CreatedOnToolsVersion = 11.3.1;
						TestTargetID = D3A2E21923FC48F900CC27D0;
					};
				};
			};
			buildConfigurationList = D3A2E21523FC48F900CC27D0 /* Build configuration list for PBXProject "Wolearn" */;
			compatibilityVersion = "Xcode 9.3";
			developmentRegion = en;
			hasScannedForEncodings = 0;
			knownRegions = (
				en,
				Base,
			);
			mainGroup = D3A2E21123FC48F900CC27D0;
			productRefGroup = D3A2E21B23FC48F900CC27D0 /* Products */;
			projectDirPath = "";
			projectRoot = "";
			targets = (
				D3A2E21923FC48F900CC27D0 /* Wolearn */,
				D3A2E22F23FC48FB00CC27D0 /* WolearnTests */,
				D3A2E23A23FC48FB00CC27D0 /* WolearnUITests */,
			);
		};
/* End PBXProject section */

/* Begin PBXResourcesBuildPhase section */
		D3A2E21823FC48F900CC27D0 /* Resources */ = {
			isa = PBXResourcesBuildPhase;
			buildActionMask = 2147483647;
			files = (
				D3A2E22A23FC48FA00CC27D0 /* LaunchScreen.storyboard in Resources */,
				D3A2E22723FC48FA00CC27D0 /* Preview Assets.xcassets in Resources */,
				D3A2E22423FC48FA00CC27D0 /* Assets.xcassets in Resources */,
			);
			runOnlyForDeploymentPostprocessing = 0;
		};
		D3A2E22E23FC48FB00CC27D0 /* Resources */ = {
			isa = PBXResourcesBuildPhase;
			buildActionMask = 2147483647;
			files = (
			);
			runOnlyForDeploymentPostprocessing = 0;
		};
		D3A2E23923FC48FB00CC27D0 /* Resources */ = {
			isa = PBXResourcesBuildPhase;
			buildActionMask = 2147483647;
			files = (
			);
			runOnlyForDeploymentPostprocessing = 0;
		};
/* End PBXResourcesBuildPhase section */

/* Begin PBXShellScriptBuildPhase section */
		5FE913E8E75C5663A4C98356 /* [CP] Check Pods Manifest.lock */ = {
			isa = PBXShellScriptBuildPhase;
			buildActionMask = 2147483647;
			files = (
			);
			inputFileListPaths = (
			);
			inputPaths = (
				"${PODS_PODFILE_DIR_PATH}/Podfile.lock",
				"${PODS_ROOT}/Manifest.lock",
			);
			name = "[CP] Check Pods Manifest.lock";
			outputFileListPaths = (
			);
			outputPaths = (
				"$(DERIVED_FILE_DIR)/Pods-Wolearn-checkManifestLockResult.txt",
			);
			runOnlyForDeploymentPostprocessing = 0;
			shellPath = /bin/sh;
			shellScript = "diff \"${PODS_PODFILE_DIR_PATH}/Podfile.lock\" \"${PODS_ROOT}/Manifest.lock\" > /dev/null\nif [ $? != 0 ] ; then\n    # print error to STDERR\n    echo \"error: The sandbox is not in sync with the Podfile.lock. Run 'pod install' or update your CocoaPods installation.\" >&2\n    exit 1\nfi\n# This output is used by Xcode 'outputs' to avoid re-running this script phase.\necho \"SUCCESS\" > \"${SCRIPT_OUTPUT_FILE_0}\"\n";
			showEnvVarsInLog = 0;
		};
		D34FA3912403C80500299919 /* Run Script (R.swift) */ = {
			isa = PBXShellScriptBuildPhase;
			buildActionMask = 2147483647;
			files = (
			);
			inputFileListPaths = (
			);
			inputPaths = (
				"$TEMP_DIR/rswift-lastrun",
			);
			name = "Run Script (R.swift)";
			outputFileListPaths = (
			);
			outputPaths = (
				$SRCROOT/R.generated.swift,
			);
			runOnlyForDeploymentPostprocessing = 0;
			shellPath = /bin/sh;
			shellScript = "# Type a script or drag a script file from your workspace to insert its path.\n\"$PODS_ROOT/R.swift/rswift\" generate \"$SRCROOT/R.generated.swift\"\n";
		};
		D34FA39C2403EDE800299919 /* Run Script (SwiftLint) */ = {
			isa = PBXShellScriptBuildPhase;
			buildActionMask = 12;
			files = (
			);
			inputFileListPaths = (
			);
			inputPaths = (
			);
			name = "Run Script (SwiftLint)";
			outputFileListPaths = (
			);
			outputPaths = (
			);
			runOnlyForDeploymentPostprocessing = 0;
			shellPath = /bin/sh;
			shellScript = "# Type a script or drag a script file from your workspace to insert its path.\n${PODS_ROOT}/SwiftLint/swiftlint autocorrect\n${PODS_ROOT}/SwiftLint/swiftlint\n";
		};
/* End PBXShellScriptBuildPhase section */

/* Begin PBXSourcesBuildPhase section */
		D3A2E21623FC48F900CC27D0 /* Sources */ = {
			isa = PBXSourcesBuildPhase;
			buildActionMask = 2147483647;
			files = (
				D34FA3E12406633400299919 /* AppCoordinator.swift in Sources */,
				D34FA39B2403DEBF00299919 /* TabBarView.swift in Sources */,
				D34FA3DB2405B84B00299919 /* Word.swift in Sources */,
				D34FA3CA2405B10500299919 /* HistoryRequest.swift in Sources */,
				D391146124548A8100E4651A /* GetAudioScoreRequest.swift in Sources */,
				D34FA3CC2405B19A00299919 /* GetUserRequest.swift in Sources */,
				D3911463245498A300E4651A /* AudioService.swift in Sources */,
				D331FA232406806B00D362BE /* LoadingView.swift in Sources */,
				D34FA3D22405B37500299919 /* ChangeСategoriesRequest.swift in Sources */,
				D34FA3B624058F2C00299919 /* WolearnService.swift in Sources */,
				D34FA3C62405AE6D00299919 /* Category.swift in Sources */,
				D3A2E21E23FC48F900CC27D0 /* AppDelegate.swift in Sources */,
				D34FA3C42405AE4F00299919 /* GetCategoriesRequest.swift in Sources */,
				D34F59712409333100E71183 /* AudioPlayer.swift in Sources */,
				D34FA3AC24056AA900299919 /* LoginViewModel.swift in Sources */,
				D34FA3D92405B80600299919 /* LearningRequest.swift in Sources */,
				D36E19FE244CAC9B00B30368 /* WordsView.swift in Sources */,
				D331FA252406878E00D362BE /* NetworkViewModel.swift in Sources */,
				D34FA3D42405B76700299919 /* DeleteUserRequest.swift in Sources */,
				D34FA3DD2405B90500299919 /* MemorizeWordRequest.swift in Sources */,
				D392E6722407D930006CE3AA /* Data.swift in Sources */,
				D34FA3A12403FAFA00299919 /* ProfileInfoPreview.swift in Sources */,
				D34FA3A42404044300299919 /* SettingsView.swift in Sources */,
				D3A2E22023FC48F900CC27D0 /* SceneDelegate.swift in Sources */,
				D392E67C24085ED7006CE3AA /* HeaderView.swift in Sources */,
				D33ACB9A2406AECA0040DAD1 /* CategoryRow.swift in Sources */,
				D392E67A24082508006CE3AA /* InputView.swift in Sources */,
				D39D2FB6245755AE001C8033 /* Star.swift in Sources */,
				D34FA3DF2405B96E00299919 /* MemorizedWord.swift in Sources */,
				D392E67824082381006CE3AA /* HorizontalLine.swift in Sources */,
				D3A2E22223FC48F900CC27D0 /* LoginView.swift in Sources */,
				D392E6742407D941006CE3AA /* Encodable.swift in Sources */,
				D34F596F2409328700E71183 /* AudioRecorder.swift in Sources */,
				D33ACB9C2406AEE50040DAD1 /* CategoriesViewModel.swift in Sources */,
				D33ACB972406A45B0040DAD1 /* AppState.swift in Sources */,
				D39A777D2406A1460031F034 /* HistoryRow.swift in Sources */,
				D34F596B24090A4B00E71183 /* AsyncImage.swift in Sources */,
				D34FA3932403C8D900299919 /* R.generated.swift in Sources */,
				D34FA39F2403F1B800299919 /* ProfileView.swift in Sources */,
				D36E1A01244CADA800B30368 /* WordsViewModel.swift in Sources */,
				D34FA3B02405739000299919 /* RegistrationViewModel.swift in Sources */,
				D34FA3C82405B0D400299919 /* HistoryItem.swift in Sources */,
				D33ACB9E2406AF010040DAD1 /* DateFormatter.swift in Sources */,
				D34FA3D72405B7BA00299919 /* ResetStatisticsRequest.swift in Sources */,
				D33ACBA92407C4530040DAD1 /* RouterView.swift in Sources */,
				D392E6762407FF56006CE3AA /* ViewStyles.swift in Sources */,
				D34FA3A7240414E600299919 /* CategoriesView.swift in Sources */,
				D34FA3B924059C8800299919 /* ServiceError.swift in Sources */,
				D34FA3982403D9EE00299919 /* RegistrationView.swift in Sources */,
				D34FA3BB24059C9D00299919 /* RequestType.swift in Sources */,
				D39A77802406A1920031F034 /* Date.swift in Sources */,
				D34FA3C22405ADD600299919 /* RegistrationRequest.swift in Sources */,
				D34FA3BD24059CC800299919 /* LoginRequest.swift in Sources */,
				D34FA3CE2405B1C000299919 /* User.swift in Sources */,
				D39A777924069E230031F034 /* Empty.swift in Sources */,
				D391145C2454897600E4651A /* Service.swift in Sources */,
				D39A777B2406A06C0031F034 /* ProfileViewModel.swift in Sources */,
				D33ACBA02406B1350040DAD1 /* SettingsViewModel.swift in Sources */,
			);
			runOnlyForDeploymentPostprocessing = 0;
		};
		D3A2E22C23FC48FB00CC27D0 /* Sources */ = {
			isa = PBXSourcesBuildPhase;
			buildActionMask = 2147483647;
			files = (
				D3A2E23523FC48FB00CC27D0 /* WolearnTests.swift in Sources */,
			);
			runOnlyForDeploymentPostprocessing = 0;
		};
		D3A2E23723FC48FB00CC27D0 /* Sources */ = {
			isa = PBXSourcesBuildPhase;
			buildActionMask = 2147483647;
			files = (
				D3A2E24023FC48FB00CC27D0 /* WolearnUITests.swift in Sources */,
			);
			runOnlyForDeploymentPostprocessing = 0;
		};
/* End PBXSourcesBuildPhase section */

/* Begin PBXTargetDependency section */
		D3A2E23223FC48FB00CC27D0 /* PBXTargetDependency */ = {
			isa = PBXTargetDependency;
			target = D3A2E21923FC48F900CC27D0 /* Wolearn */;
			targetProxy = D3A2E23123FC48FB00CC27D0 /* PBXContainerItemProxy */;
		};
		D3A2E23D23FC48FB00CC27D0 /* PBXTargetDependency */ = {
			isa = PBXTargetDependency;
			target = D3A2E21923FC48F900CC27D0 /* Wolearn */;
			targetProxy = D3A2E23C23FC48FB00CC27D0 /* PBXContainerItemProxy */;
		};
/* End PBXTargetDependency section */

/* Begin PBXVariantGroup section */
		D3A2E22823FC48FA00CC27D0 /* LaunchScreen.storyboard */ = {
			isa = PBXVariantGroup;
			children = (
				D3A2E22923FC48FA00CC27D0 /* Base */,
			);
			name = LaunchScreen.storyboard;
			sourceTree = "<group>";
		};
/* End PBXVariantGroup section */

/* Begin XCBuildConfiguration section */
		D3A2E24223FC48FB00CC27D0 /* Debug */ = {
			isa = XCBuildConfiguration;
			buildSettings = {
				ALWAYS_SEARCH_USER_PATHS = NO;
				CLANG_ANALYZER_NONNULL = YES;
				CLANG_ANALYZER_NUMBER_OBJECT_CONVERSION = YES_AGGRESSIVE;
				CLANG_CXX_LANGUAGE_STANDARD = "gnu++14";
				CLANG_CXX_LIBRARY = "libc++";
				CLANG_ENABLE_MODULES = YES;
				CLANG_ENABLE_OBJC_ARC = YES;
				CLANG_ENABLE_OBJC_WEAK = YES;
				CLANG_WARN_BLOCK_CAPTURE_AUTORELEASING = YES;
				CLANG_WARN_BOOL_CONVERSION = YES;
				CLANG_WARN_COMMA = YES;
				CLANG_WARN_CONSTANT_CONVERSION = YES;
				CLANG_WARN_DEPRECATED_OBJC_IMPLEMENTATIONS = YES;
				CLANG_WARN_DIRECT_OBJC_ISA_USAGE = YES_ERROR;
				CLANG_WARN_DOCUMENTATION_COMMENTS = YES;
				CLANG_WARN_EMPTY_BODY = YES;
				CLANG_WARN_ENUM_CONVERSION = YES;
				CLANG_WARN_INFINITE_RECURSION = YES;
				CLANG_WARN_INT_CONVERSION = YES;
				CLANG_WARN_NON_LITERAL_NULL_CONVERSION = YES;
				CLANG_WARN_OBJC_IMPLICIT_RETAIN_SELF = YES;
				CLANG_WARN_OBJC_LITERAL_CONVERSION = YES;
				CLANG_WARN_OBJC_ROOT_CLASS = YES_ERROR;
				CLANG_WARN_RANGE_LOOP_ANALYSIS = YES;
				CLANG_WARN_STRICT_PROTOTYPES = YES;
				CLANG_WARN_SUSPICIOUS_MOVE = YES;
				CLANG_WARN_UNGUARDED_AVAILABILITY = YES_AGGRESSIVE;
				CLANG_WARN_UNREACHABLE_CODE = YES;
				CLANG_WARN__DUPLICATE_METHOD_MATCH = YES;
				COPY_PHASE_STRIP = NO;
				DEBUG_INFORMATION_FORMAT = dwarf;
				ENABLE_STRICT_OBJC_MSGSEND = YES;
				ENABLE_TESTABILITY = YES;
				GCC_C_LANGUAGE_STANDARD = gnu11;
				GCC_DYNAMIC_NO_PIC = NO;
				GCC_NO_COMMON_BLOCKS = YES;
				GCC_OPTIMIZATION_LEVEL = 0;
				GCC_PREPROCESSOR_DEFINITIONS = (
					"DEBUG=1",
					"$(inherited)",
				);
				GCC_WARN_64_TO_32_BIT_CONVERSION = YES;
				GCC_WARN_ABOUT_RETURN_TYPE = YES_ERROR;
				GCC_WARN_UNDECLARED_SELECTOR = YES;
				GCC_WARN_UNINITIALIZED_AUTOS = YES_AGGRESSIVE;
				GCC_WARN_UNUSED_FUNCTION = YES;
				GCC_WARN_UNUSED_VARIABLE = YES;
				IPHONEOS_DEPLOYMENT_TARGET = 13.2;
				MTL_ENABLE_DEBUG_INFO = INCLUDE_SOURCE;
				MTL_FAST_MATH = YES;
				ONLY_ACTIVE_ARCH = YES;
				SDKROOT = iphoneos;
				SWIFT_ACTIVE_COMPILATION_CONDITIONS = DEBUG;
				SWIFT_OPTIMIZATION_LEVEL = "-Onone";
			};
			name = Debug;
		};
		D3A2E24323FC48FB00CC27D0 /* Release */ = {
			isa = XCBuildConfiguration;
			buildSettings = {
				ALWAYS_SEARCH_USER_PATHS = NO;
				CLANG_ANALYZER_NONNULL = YES;
				CLANG_ANALYZER_NUMBER_OBJECT_CONVERSION = YES_AGGRESSIVE;
				CLANG_CXX_LANGUAGE_STANDARD = "gnu++14";
				CLANG_CXX_LIBRARY = "libc++";
				CLANG_ENABLE_MODULES = YES;
				CLANG_ENABLE_OBJC_ARC = YES;
				CLANG_ENABLE_OBJC_WEAK = YES;
				CLANG_WARN_BLOCK_CAPTURE_AUTORELEASING = YES;
				CLANG_WARN_BOOL_CONVERSION = YES;
				CLANG_WARN_COMMA = YES;
				CLANG_WARN_CONSTANT_CONVERSION = YES;
				CLANG_WARN_DEPRECATED_OBJC_IMPLEMENTATIONS = YES;
				CLANG_WARN_DIRECT_OBJC_ISA_USAGE = YES_ERROR;
				CLANG_WARN_DOCUMENTATION_COMMENTS = YES;
				CLANG_WARN_EMPTY_BODY = YES;
				CLANG_WARN_ENUM_CONVERSION = YES;
				CLANG_WARN_INFINITE_RECURSION = YES;
				CLANG_WARN_INT_CONVERSION = YES;
				CLANG_WARN_NON_LITERAL_NULL_CONVERSION = YES;
				CLANG_WARN_OBJC_IMPLICIT_RETAIN_SELF = YES;
				CLANG_WARN_OBJC_LITERAL_CONVERSION = YES;
				CLANG_WARN_OBJC_ROOT_CLASS = YES_ERROR;
				CLANG_WARN_RANGE_LOOP_ANALYSIS = YES;
				CLANG_WARN_STRICT_PROTOTYPES = YES;
				CLANG_WARN_SUSPICIOUS_MOVE = YES;
				CLANG_WARN_UNGUARDED_AVAILABILITY = YES_AGGRESSIVE;
				CLANG_WARN_UNREACHABLE_CODE = YES;
				CLANG_WARN__DUPLICATE_METHOD_MATCH = YES;
				COPY_PHASE_STRIP = NO;
				DEBUG_INFORMATION_FORMAT = "dwarf-with-dsym";
				ENABLE_NS_ASSERTIONS = NO;
				ENABLE_STRICT_OBJC_MSGSEND = YES;
				GCC_C_LANGUAGE_STANDARD = gnu11;
				GCC_NO_COMMON_BLOCKS = YES;
				GCC_WARN_64_TO_32_BIT_CONVERSION = YES;
				GCC_WARN_ABOUT_RETURN_TYPE = YES_ERROR;
				GCC_WARN_UNDECLARED_SELECTOR = YES;
				GCC_WARN_UNINITIALIZED_AUTOS = YES_AGGRESSIVE;
				GCC_WARN_UNUSED_FUNCTION = YES;
				GCC_WARN_UNUSED_VARIABLE = YES;
				IPHONEOS_DEPLOYMENT_TARGET = 13.2;
				MTL_ENABLE_DEBUG_INFO = NO;
				MTL_FAST_MATH = YES;
				SDKROOT = iphoneos;
				SWIFT_COMPILATION_MODE = wholemodule;
				SWIFT_OPTIMIZATION_LEVEL = "-O";
				VALIDATE_PRODUCT = YES;
			};
			name = Release;
		};
		D3A2E24523FC48FB00CC27D0 /* Debug */ = {
			isa = XCBuildConfiguration;
			baseConfigurationReference = 9D1E803F97FC53D36912588F /* Pods-Wolearn.debug.xcconfig */;
			buildSettings = {
				ASSETCATALOG_COMPILER_APPICON_NAME = AppIcon;
				CODE_SIGN_STYLE = Automatic;
				DEVELOPMENT_ASSET_PATHS = "\"Wolearn/Preview Content\"";
				DEVELOPMENT_TEAM = K3EBJ8K5KL;
				ENABLE_PREVIEWS = YES;
				GCC_OPTIMIZATION_LEVEL = 0;
				INFOPLIST_FILE = "Wolearn/Supporting Files/Info.plist/";
				IPHONEOS_DEPLOYMENT_TARGET = 13.0;
				LD_RUNPATH_SEARCH_PATHS = (
					"$(inherited)",
					"@executable_path/Frameworks",
				);
				PRODUCT_BUNDLE_IDENTIFIER = by.isysoi.Wolearn;
				PRODUCT_NAME = "$(TARGET_NAME)";
				SWIFT_OPTIMIZATION_LEVEL = "-Onone";
				SWIFT_PRECOMPILE_BRIDGING_HEADER = YES;
				SWIFT_VERSION = 5.0;
				TARGETED_DEVICE_FAMILY = 1;
			};
			name = Debug;
		};
		D3A2E24623FC48FB00CC27D0 /* Release */ = {
			isa = XCBuildConfiguration;
			baseConfigurationReference = 4B55A0E376817E0F0BBDA580 /* Pods-Wolearn.release.xcconfig */;
			buildSettings = {
				ASSETCATALOG_COMPILER_APPICON_NAME = AppIcon;
				CODE_SIGN_STYLE = Automatic;
				DEVELOPMENT_ASSET_PATHS = "\"Wolearn/Preview Content\"";
				DEVELOPMENT_TEAM = K3EBJ8K5KL;
				ENABLE_PREVIEWS = YES;
				INFOPLIST_FILE = "Wolearn/Supporting Files/Info.plist/";
				IPHONEOS_DEPLOYMENT_TARGET = 13.0;
				LD_RUNPATH_SEARCH_PATHS = (
					"$(inherited)",
					"@executable_path/Frameworks",
				);
				PRODUCT_BUNDLE_IDENTIFIER = by.isysoi.Wolearn;
				PRODUCT_NAME = "$(TARGET_NAME)";
				SWIFT_PRECOMPILE_BRIDGING_HEADER = YES;
				SWIFT_VERSION = 5.0;
				TARGETED_DEVICE_FAMILY = 1;
			};
			name = Release;
		};
		D3A2E24823FC48FB00CC27D0 /* Debug */ = {
			isa = XCBuildConfiguration;
			buildSettings = {
				ALWAYS_EMBED_SWIFT_STANDARD_LIBRARIES = YES;
				BUNDLE_LOADER = "$(TEST_HOST)";
				CODE_SIGN_STYLE = Automatic;
				DEVELOPMENT_TEAM = K3EBJ8K5KL;
				INFOPLIST_FILE = WolearnTests/Info.plist;
				IPHONEOS_DEPLOYMENT_TARGET = 13.2;
				LD_RUNPATH_SEARCH_PATHS = (
					"$(inherited)",
					"@executable_path/Frameworks",
					"@loader_path/Frameworks",
				);
				PRODUCT_BUNDLE_IDENTIFIER = by.isysoi.WolearnTests;
				PRODUCT_NAME = "$(TARGET_NAME)";
				SWIFT_VERSION = 5.0;
				TARGETED_DEVICE_FAMILY = "1,2";
				TEST_HOST = "$(BUILT_PRODUCTS_DIR)/Wolearn.app/Wolearn";
			};
			name = Debug;
		};
		D3A2E24923FC48FB00CC27D0 /* Release */ = {
			isa = XCBuildConfiguration;
			buildSettings = {
				ALWAYS_EMBED_SWIFT_STANDARD_LIBRARIES = YES;
				BUNDLE_LOADER = "$(TEST_HOST)";
				CODE_SIGN_STYLE = Automatic;
				DEVELOPMENT_TEAM = K3EBJ8K5KL;
				INFOPLIST_FILE = WolearnTests/Info.plist;
				IPHONEOS_DEPLOYMENT_TARGET = 13.2;
				LD_RUNPATH_SEARCH_PATHS = (
					"$(inherited)",
					"@executable_path/Frameworks",
					"@loader_path/Frameworks",
				);
				PRODUCT_BUNDLE_IDENTIFIER = by.isysoi.WolearnTests;
				PRODUCT_NAME = "$(TARGET_NAME)";
				SWIFT_VERSION = 5.0;
				TARGETED_DEVICE_FAMILY = "1,2";
				TEST_HOST = "$(BUILT_PRODUCTS_DIR)/Wolearn.app/Wolearn";
			};
			name = Release;
		};
		D3A2E24B23FC48FB00CC27D0 /* Debug */ = {
			isa = XCBuildConfiguration;
			buildSettings = {
				ALWAYS_EMBED_SWIFT_STANDARD_LIBRARIES = YES;
				CODE_SIGN_STYLE = Automatic;
				DEVELOPMENT_TEAM = K3EBJ8K5KL;
				INFOPLIST_FILE = WolearnUITests/Info.plist;
				LD_RUNPATH_SEARCH_PATHS = (
					"$(inherited)",
					"@executable_path/Frameworks",
					"@loader_path/Frameworks",
				);
				PRODUCT_BUNDLE_IDENTIFIER = by.isysoi.WolearnUITests;
				PRODUCT_NAME = "$(TARGET_NAME)";
				SWIFT_VERSION = 5.0;
				TARGETED_DEVICE_FAMILY = "1,2";
				TEST_TARGET_NAME = Wolearn;
			};
			name = Debug;
		};
		D3A2E24C23FC48FB00CC27D0 /* Release */ = {
			isa = XCBuildConfiguration;
			buildSettings = {
				ALWAYS_EMBED_SWIFT_STANDARD_LIBRARIES = YES;
				CODE_SIGN_STYLE = Automatic;
				DEVELOPMENT_TEAM = K3EBJ8K5KL;
				INFOPLIST_FILE = WolearnUITests/Info.plist;
				LD_RUNPATH_SEARCH_PATHS = (
					"$(inherited)",
					"@executable_path/Frameworks",
					"@loader_path/Frameworks",
				);
				PRODUCT_BUNDLE_IDENTIFIER = by.isysoi.WolearnUITests;
				PRODUCT_NAME = "$(TARGET_NAME)";
				SWIFT_VERSION = 5.0;
				TARGETED_DEVICE_FAMILY = "1,2";
				TEST_TARGET_NAME = Wolearn;
			};
			name = Release;
		};
/* End XCBuildConfiguration section */

/* Begin XCConfigurationList section */
		D3A2E21523FC48F900CC27D0 /* Build configuration list for PBXProject "Wolearn" */ = {
			isa = XCConfigurationList;
			buildConfigurations = (
				D3A2E24223FC48FB00CC27D0 /* Debug */,
				D3A2E24323FC48FB00CC27D0 /* Release */,
			);
			defaultConfigurationIsVisible = 0;
			defaultConfigurationName = Release;
		};
		D3A2E24423FC48FB00CC27D0 /* Build configuration list for PBXNativeTarget "Wolearn" */ = {
			isa = XCConfigurationList;
			buildConfigurations = (
				D3A2E24523FC48FB00CC27D0 /* Debug */,
				D3A2E24623FC48FB00CC27D0 /* Release */,
			);
			defaultConfigurationIsVisible = 0;
			defaultConfigurationName = Release;
		};
		D3A2E24723FC48FB00CC27D0 /* Build configuration list for PBXNativeTarget "WolearnTests" */ = {
			isa = XCConfigurationList;
			buildConfigurations = (
				D3A2E24823FC48FB00CC27D0 /* Debug */,
				D3A2E24923FC48FB00CC27D0 /* Release */,
			);
			defaultConfigurationIsVisible = 0;
			defaultConfigurationName = Release;
		};
		D3A2E24A23FC48FB00CC27D0 /* Build configuration list for PBXNativeTarget "WolearnUITests" */ = {
			isa = XCConfigurationList;
			buildConfigurations = (
				D3A2E24B23FC48FB00CC27D0 /* Debug */,
				D3A2E24C23FC48FB00CC27D0 /* Release */,
			);
			defaultConfigurationIsVisible = 0;
			defaultConfigurationName = Release;
		};
/* End XCConfigurationList section */
	};
	rootObject = D3A2E21223FC48F900CC27D0 /* Project object */;
}
